
Microsoft Visual Studio Solution File, Format Version 12.00
Project("{2150E333-8FDC-42A3-9474-1A3956D46DE8}") = "Documentation", "Documentation", "{968A7CCD-4709-41A6-A2C5-A61146118E3B}"
EndProject
Project("{FAE04EC0-301F-11D3-BF4B-00C04F79EFBC}") = "Docs", "Documentation\Docs\Docs.csproj", "{2336DA2C-97B2-4165-9BAD-2C612DBBBB19}"
EndProject
Global
	GlobalSection(SolutionConfigurationPlatforms) = preSolution
		Debug|Any CPU = Debug|Any CPU
		Release|Any CPU = Release|Any CPU
	EndGlobalSection
	GlobalSection(NestedProjects) = preSolution
		{2336DA2C-97B2-4165-9BAD-2C612DBBBB19} = {968A7CCD-4709-41A6-A2C5-A61146118E3B}
	EndGlobalSection
	GlobalSection(ProjectConfigurationPlatforms) = postSolution
		{2336DA2C-97B2-4165-9BAD-2C612DBBBB19}.Debug|Any CPU.ActiveCfg = Debug|Any CPU
		{2336DA2C-97B2-4165-9BAD-2C612DBBBB19}.Debug|Any CPU.Build.0 = Debug|Any CPU
		{2336DA2C-97B2-4165-9BAD-2C612DBBBB19}.Release|Any CPU.ActiveCfg = Release|Any CPU
		{2336DA2C-97B2-4165-9BAD-2C612DBBBB19}.Release|Any CPU.Build.0 = Release|Any CPU
	EndGlobalSection
EndGlobal
